// !$*UTF8*$!
{
	archiveVersion = 1;
	classes = {
	};
	objectVersion = 48;
	objects = {

/* Begin PBXBuildFile section */
		BEB819932066D2E700BE7833 /* AppDelegate.swift in Sources */ = {isa = PBXBuildFile; fileRef = BEB819922066D2E700BE7833 /* AppDelegate.swift */; };
		BEB819952066D2E700BE7833 /* ViewController.swift in Sources */ = {isa = PBXBuildFile; fileRef = BEB819942066D2E700BE7833 /* ViewController.swift */; };
		BEB819982066D2E700BE7833 /* Main.storyboard in Resources */ = {isa = PBXBuildFile; fileRef = BEB819962066D2E700BE7833 /* Main.storyboard */; };
		BEB8199A2066D2E700BE7833 /* Assets.xcassets in Resources */ = {isa = PBXBuildFile; fileRef = BEB819992066D2E700BE7833 /* Assets.xcassets */; };
		BEB8199D2066D2E700BE7833 /* LaunchScreen.storyboard in Resources */ = {isa = PBXBuildFile; fileRef = BEB8199B2066D2E700BE7833 /* LaunchScreen.storyboard */; };
		BEB819A82066D2E700BE7833 /* Tic_Tac_ToeTests.swift in Sources */ = {isa = PBXBuildFile; fileRef = BEB819A72066D2E700BE7833 /* Tic_Tac_ToeTests.swift */; };
		BEB819B32066D2E700BE7833 /* Tic_Tac_ToeUITests.swift in Sources */ = {isa = PBXBuildFile; fileRef = BEB819B22066D2E700BE7833 /* Tic_Tac_ToeUITests.swift */; };
		BEB819C12066D48D00BE7833 /* Cross.png in Resources */ = {isa = PBXBuildFile; fileRef = BEB819C02066D48D00BE7833 /* Cross.png */; };
		BEB819C32066D4A400BE7833 /* Nought.png in Resources */ = {isa = PBXBuildFile; fileRef = BEB819C22066D4A400BE7833 /* Nought.png */; };
		BEB819C52066D4B800BE7833 /* Board.png in Resources */ = {isa = PBXBuildFile; fileRef = BEB819C42066D4B700BE7833 /* Board.png */; };
/* End PBXBuildFile section */

/* Begin PBXContainerItemProxy section */
		BEB819A42066D2E700BE7833 /* PBXContainerItemProxy */ = {
			isa = PBXContainerItemProxy;
			containerPortal = BEB819872066D2E700BE7833 /* Project object */;
			proxyType = 1;
			remoteGlobalIDString = BEB8198E2066D2E700BE7833;
			remoteInfo = "Tic Tac Toe";
		};
		BEB819AF2066D2E700BE7833 /* PBXContainerItemProxy */ = {
			isa = PBXContainerItemProxy;
			containerPortal = BEB819872066D2E700BE7833 /* Project object */;
			proxyType = 1;
			remoteGlobalIDString = BEB8198E2066D2E700BE7833;
			remoteInfo = "Tic Tac Toe";
		};
/* End PBXContainerItemProxy section */

/* Begin PBXFileReference section */
		BEB8198F2066D2E700BE7833 /* Tic Tac Toe.app */ = {isa = PBXFileReference; explicitFileType = wrapper.application; includeInIndex = 0; path = "Tic Tac Toe.app"; sourceTree = BUILT_PRODUCTS_DIR; };
		BEB819922066D2E700BE7833 /* AppDelegate.swift */ = {isa = PBXFileReference; lastKnownFileType = sourcecode.swift; path = AppDelegate.swift; sourceTree = "<group>"; };
		BEB819942066D2E700BE7833 /* ViewController.swift */ = {isa = PBXFileReference; lastKnownFileType = sourcecode.swift; path = ViewController.swift; sourceTree = "<group>"; };
		BEB819972066D2E700BE7833 /* Base */ = {isa = PBXFileReference; lastKnownFileType = file.storyboard; name = Base; path = Base.lproj/Main.storyboard; sourceTree = "<group>"; };
		BEB819992066D2E700BE7833 /* Assets.xcassets */ = {isa = PBXFileReference; lastKnownFileType = folder.assetcatalog; path = Assets.xcassets; sourceTree = "<group>"; };
		BEB8199C2066D2E700BE7833 /* Base */ = {isa = PBXFileReference; lastKnownFileType = file.storyboard; name = Base; path = Base.lproj/LaunchScreen.storyboard; sourceTree = "<group>"; };
		BEB8199E2066D2E700BE7833 /* Info.plist */ = {isa = PBXFileReference; lastKnownFileType = text.plist.xml; path = Info.plist; sourceTree = "<group>"; };
		BEB819A32066D2E700BE7833 /* Tic Tac ToeTests.xctest */ = {isa = PBXFileReference; explicitFileType = wrapper.cfbundle; includeInIndex = 0; path = "Tic Tac ToeTests.xctest"; sourceTree = BUILT_PRODUCTS_DIR; };
		BEB819A72066D2E700BE7833 /* Tic_Tac_ToeTests.swift */ = {isa = PBXFileReference; lastKnownFileType = sourcecode.swift; path = Tic_Tac_ToeTests.swift; sourceTree = "<group>"; };
		BEB819A92066D2E700BE7833 /* Info.plist */ = {isa = PBXFileReference; lastKnownFileType = text.plist.xml; path = Info.plist; sourceTree = "<group>"; };
		BEB819AE2066D2E700BE7833 /* Tic Tac ToeUITests.xctest */ = {isa = PBXFileReference; explicitFileType = wrapper.cfbundle; includeInIndex = 0; path = "Tic Tac ToeUITests.xctest"; sourceTree = BUILT_PRODUCTS_DIR; };
		BEB819B22066D2E700BE7833 /* Tic_Tac_ToeUITests.swift */ = {isa = PBXFileReference; lastKnownFileType = sourcecode.swift; path = Tic_Tac_ToeUITests.swift; sourceTree = "<group>"; };
		BEB819B42066D2E700BE7833 /* Info.plist */ = {isa = PBXFileReference; lastKnownFileType = text.plist.xml; path = Info.plist; sourceTree = "<group>"; };
		BEB819C02066D48D00BE7833 /* Cross.png */ = {isa = PBXFileReference; lastKnownFileType = image.png; path = Cross.png; sourceTree = "<group>"; };
		BEB819C22066D4A400BE7833 /* Nought.png */ = {isa = PBXFileReference; lastKnownFileType = image.png; path = Nought.png; sourceTree = "<group>"; };
		BEB819C42066D4B700BE7833 /* Board.png */ = {isa = PBXFileReference; lastKnownFileType = image.png; path = Board.png; sourceTree = "<group>"; };
/* End PBXFileReference section */

/* Begin PBXFrameworksBuildPhase section */
		BEB8198C2066D2E700BE7833 /* Frameworks */ = {
			isa = PBXFrameworksBuildPhase;
			buildActionMask = 2147483647;
			files = (
			);
			runOnlyForDeploymentPostprocessing = 0;
		};
		BEB819A02066D2E700BE7833 /* Frameworks */ = {
			isa = PBXFrameworksBuildPhase;
			buildActionMask = 2147483647;
			files = (
			);
			runOnlyForDeploymentPostprocessing = 0;
		};
		BEB819AB2066D2E700BE7833 /* Frameworks */ = {
			isa = PBXFrameworksBuildPhase;
			buildActionMask = 2147483647;
			files = (
			);
			runOnlyForDeploymentPostprocessing = 0;
		};
/* End PBXFrameworksBuildPhase section */

/* Begin PBXGroup section */
		BEB819862066D2E700BE7833 = {
			isa = PBXGroup;
			children = (
				BEB819912066D2E700BE7833 /* Tic Tac Toe */,
				BEB819A62066D2E700BE7833 /* Tic Tac ToeTests */,
				BEB819B12066D2E700BE7833 /* Tic Tac ToeUITests */,
				BEB819902066D2E700BE7833 /* Products */,
			);
			sourceTree = "<group>";
		};
		BEB819902066D2E700BE7833 /* Products */ = {
			isa = PBXGroup;
			children = (
				BEB8198F2066D2E700BE7833 /* Tic Tac Toe.app */,
				BEB819A32066D2E700BE7833 /* Tic Tac ToeTests.xctest */,
				BEB819AE2066D2E700BE7833 /* Tic Tac ToeUITests.xctest */,
			);
			name = Products;
			sourceTree = "<group>";
		};
		BEB819912066D2E700BE7833 /* Tic Tac Toe */ = {
			isa = PBXGroup;
			children = (
				BEB819922066D2E700BE7833 /* AppDelegate.swift */,
				BEB819942066D2E700BE7833 /* ViewController.swift */,
				BEB819962066D2E700BE7833 /* Main.storyboard */,
				BEB819992066D2E700BE7833 /* Assets.xcassets */,
				BEB8199B2066D2E700BE7833 /* LaunchScreen.storyboard */,
				BEB8199E2066D2E700BE7833 /* Info.plist */,
				BEB819C42066D4B700BE7833 /* Board.png */,
				BEB819C02066D48D00BE7833 /* Cross.png */,
				BEB819C22066D4A400BE7833 /* Nought.png */,
			);
			path = "Tic Tac Toe";
			sourceTree = "<group>";
		};
		BEB819A62066D2E700BE7833 /* Tic Tac ToeTests */ = {
			isa = PBXGroup;
			children = (
				BEB819A72066D2E700BE7833 /* Tic_Tac_ToeTests.swift */,
				BEB819A92066D2E700BE7833 /* Info.plist */,
			);
			path = "Tic Tac ToeTests";
			sourceTree = "<group>";
		};
		BEB819B12066D2E700BE7833 /* Tic Tac ToeUITests */ = {
			isa = PBXGroup;
			children = (
				BEB819B22066D2E700BE7833 /* Tic_Tac_ToeUITests.swift */,
				BEB819B42066D2E700BE7833 /* Info.plist */,
			);
			path = "Tic Tac ToeUITests";
			sourceTree = "<group>";
		};
/* End PBXGroup section */

/* Begin PBXNativeTarget section */
		BEB8198E2066D2E700BE7833 /* Tic Tac Toe */ = {
			isa = PBXNativeTarget;
			buildConfigurationList = BEB819B72066D2E700BE7833 /* Build configuration list for PBXNativeTarget "Tic Tac Toe" */;
			buildPhases = (
				BEB8198B2066D2E700BE7833 /* Sources */,
				BEB8198C2066D2E700BE7833 /* Frameworks */,
				BEB8198D2066D2E700BE7833 /* Resources */,
			);
			buildRules = (
			);
			dependencies = (
			);
			name = "Tic Tac Toe";
			productName = "Tic Tac Toe";
			productReference = BEB8198F2066D2E700BE7833 /* Tic Tac Toe.app */;
			productType = "com.apple.product-type.application";
		};
		BEB819A22066D2E700BE7833 /* Tic Tac ToeTests */ = {
			isa = PBXNativeTarget;
			buildConfigurationList = BEB819BA2066D2E700BE7833 /* Build configuration list for PBXNativeTarget "Tic Tac ToeTests" */;
			buildPhases = (
				BEB8199F2066D2E700BE7833 /* Sources */,
				BEB819A02066D2E700BE7833 /* Frameworks */,
				BEB819A12066D2E700BE7833 /* Resources */,
			);
			buildRules = (
			);
			dependencies = (
				BEB819A52066D2E700BE7833 /* PBXTargetDependency */,
			);
			name = "Tic Tac ToeTests";
			productName = "Tic Tac ToeTests";
			productReference = BEB819A32066D2E700BE7833 /* Tic Tac ToeTests.xctest */;
			productType = "com.apple.product-type.bundle.unit-test";
		};
		BEB819AD2066D2E700BE7833 /* Tic Tac ToeUITests */ = {
			isa = PBXNativeTarget;
			buildConfigurationList = BEB819BD2066D2E700BE7833 /* Build configuration list for PBXNativeTarget "Tic Tac ToeUITests" */;
			buildPhases = (
				BEB819AA2066D2E700BE7833 /* Sources */,
				BEB819AB2066D2E700BE7833 /* Frameworks */,
				BEB819AC2066D2E700BE7833 /* Resources */,
			);
			buildRules = (
			);
			dependencies = (
				BEB819B02066D2E700BE7833 /* PBXTargetDependency */,
			);
			name = "Tic Tac ToeUITests";
			productName = "Tic Tac ToeUITests";
			productReference = BEB819AE2066D2E700BE7833 /* Tic Tac ToeUITests.xctest */;
			productType = "com.apple.product-type.bundle.ui-testing";
		};
/* End PBXNativeTarget section */

/* Begin PBXProject section */
		BEB819872066D2E700BE7833 /* Project object */ = {
			isa = PBXProject;
			attributes = {
				LastSwiftUpdateCheck = 0910;
				LastUpgradeCheck = 0910;
				ORGANIZATIONNAME = Michael;
				TargetAttributes = {
					BEB8198E2066D2E700BE7833 = {
						CreatedOnToolsVersion = 9.1;
						ProvisioningStyle = Automatic;
					};
					BEB819A22066D2E700BE7833 = {
						CreatedOnToolsVersion = 9.1;
						ProvisioningStyle = Automatic;
						TestTargetID = BEB8198E2066D2E700BE7833;
					};
					BEB819AD2066D2E700BE7833 = {
						CreatedOnToolsVersion = 9.1;
						ProvisioningStyle = Automatic;
						TestTargetID = BEB8198E2066D2E700BE7833;
					};
				};
			};
			buildConfigurationList = BEB8198A2066D2E700BE7833 /* Build configuration list for PBXProject "Tic Tac Toe" */;
			compatibilityVersion = "Xcode 8.0";
			developmentRegion = en;
			hasScannedForEncodings = 0;
			knownRegions = (
				en,
				Base,
			);
			mainGroup = BEB819862066D2E700BE7833;
			productRefGroup = BEB819902066D2E700BE7833 /* Products */;
			projectDirPath = "";
			projectRoot = "";
			targets = (
				BEB8198E2066D2E700BE7833 /* Tic Tac Toe */,
				BEB819A22066D2E700BE7833 /* Tic Tac ToeTests */,
				BEB819AD2066D2E700BE7833 /* Tic Tac ToeUITests */,
			);
		};
/* End PBXProject section */

/* Begin PBXResourcesBuildPhase section */
		BEB8198D2066D2E700BE7833 /* Resources */ = {
			isa = PBXResourcesBuildPhase;
			buildActionMask = 2147483647;
			files = (
				BEB819C52066D4B800BE7833 /* Board.png in Resources */,
				BEB819C32066D4A400BE7833 /* Nought.png in Resources */,
				BEB8199D2066D2E700BE7833 /* LaunchScreen.storyboard in Resources */,
				BEB8199A2066D2E700BE7833 /* Assets.xcassets in Resources */,
				BEB819C12066D48D00BE7833 /* Cross.png in Resources */,
				BEB819982066D2E700BE7833 /* Main.storyboard in Resources */,
			);
			runOnlyForDeploymentPostprocessing = 0;
		};
		BEB819A12066D2E700BE7833 /* Resources */ = {
			isa = PBXResourcesBuildPhase;
			buildActionMask = 2147483647;
			files = (
			);
			runOnlyForDeploymentPostprocessing = 0;
		};
		BEB819AC2066D2E700BE7833 /* Resources */ = {
			isa = PBXResourcesBuildPhase;
			buildActionMask = 2147483647;
			files = (
			);
			runOnlyForDeploymentPostprocessing = 0;
		};
/* End PBXResourcesBuildPhase section */

/* Begin PBXSourcesBuildPhase section */
		BEB8198B2066D2E700BE7833 /* Sources */ = {
			isa = PBXSourcesBuildPhase;
			buildActionMask = 2147483647;
			files = (
				BEB819952066D2E700BE7833 /* ViewController.swift in Sources */,
				BEB819932066D2E700BE7833 /* AppDelegate.swift in Sources */,
			);
			runOnlyForDeploymentPostprocessing = 0;
		};
		BEB8199F2066D2E700BE7833 /* Sources */ = {
			isa = PBXSourcesBuildPhase;
			buildActionMask = 2147483647;
			files = (
				BEB819A82066D2E700BE7833 /* Tic_Tac_ToeTests.swift in Sources */,
			);
			runOnlyForDeploymentPostprocessing = 0;
		};
		BEB819AA2066D2E700BE7833 /* Sources */ = {
			isa = PBXSourcesBuildPhase;
			buildActionMask = 2147483647;
			files = (
				BEB819B32066D2E700BE7833 /* Tic_Tac_ToeUITests.swift in Sources */,
			);
			runOnlyForDeploymentPostprocessing = 0;
		};
/* End PBXSourcesBuildPhase section */

/* Begin PBXTargetDependency section */
		BEB819A52066D2E700BE7833 /* PBXTargetDependency */ = {
			isa = PBXTargetDependency;
			target = BEB8198E2066D2E700BE7833 /* Tic Tac Toe */;
			targetProxy = BEB819A42066D2E700BE7833 /* PBXContainerItemProxy */;
		};
		BEB819B02066D2E700BE7833 /* PBXTargetDependency */ = {
			isa = PBXTargetDependency;
			target = BEB8198E2066D2E700BE7833 /* Tic Tac Toe */;
			targetProxy = BEB819AF2066D2E700BE7833 /* PBXContainerItemProxy */;
		};
/* End PBXTargetDependency section */

/* Begin PBXVariantGroup section */
		BEB819962066D2E700BE7833 /* Main.storyboard */ = {
			isa = PBXVariantGroup;
			children = (
				BEB819972066D2E700BE7833 /* Base */,
			);
			name = Main.storyboard;
			sourceTree = "<group>";
		};
		BEB8199B2066D2E700BE7833 /* LaunchScreen.storyboard */ = {
			isa = PBXVariantGroup;
			children = (
				BEB8199C2066D2E700BE7833 /* Base */,
			);
			name = LaunchScreen.storyboard;
			sourceTree = "<group>";
		};
/* End PBXVariantGroup section */

/* Begin XCBuildConfiguration section */
		BEB819B52066D2E700BE7833 /* Debug */ = {
			isa = XCBuildConfiguration;
			buildSettings = {
				ALWAYS_SEARCH_USER_PATHS = NO;
				CLANG_ANALYZER_NONNULL = YES;
				CLANG_ANALYZER_NUMBER_OBJECT_CONVERSION = YES_AGGRESSIVE;
				CLANG_CXX_LANGUAGE_STANDARD = "gnu++14";
				CLANG_CXX_LIBRARY = "libc++";
				CLANG_ENABLE_MODULES = YES;
				CLANG_ENABLE_OBJC_ARC = YES;
				CLANG_WARN_BLOCK_CAPTURE_AUTORELEASING = YES;
				CLANG_WARN_BOOL_CONVERSION = YES;
				CLANG_WARN_COMMA = YES;
				CLANG_WARN_CONSTANT_CONVERSION = YES;
				CLANG_WARN_DIRECT_OBJC_ISA_USAGE = YES_ERROR;
				CLANG_WARN_DOCUMENTATION_COMMENTS = YES;
				CLANG_WARN_EMPTY_BODY = YES;
				CLANG_WARN_ENUM_CONVERSION = YES;
				CLANG_WARN_INFINITE_RECURSION = YES;
				CLANG_WARN_INT_CONVERSION = YES;
				CLANG_WARN_NON_LITERAL_NULL_CONVERSION = YES;
				CLANG_WARN_OBJC_LITERAL_CONVERSION = YES;
				CLANG_WARN_OBJC_ROOT_CLASS = YES_ERROR;
				CLANG_WARN_RANGE_LOOP_ANALYSIS = YES;
				CLANG_WARN_STRICT_PROTOTYPES = YES;
				CLANG_WARN_SUSPICIOUS_MOVE = YES;
				CLANG_WARN_UNGUARDED_AVAILABILITY = YES_AGGRESSIVE;
				CLANG_WARN_UNREACHABLE_CODE = YES;
				CLANG_WARN__DUPLICATE_METHOD_MATCH = YES;
				CODE_SIGN_IDENTITY = "iPhone Developer";
				COPY_PHASE_STRIP = NO;
				DEBUG_INFORMATION_FORMAT = dwarf;
				ENABLE_STRICT_OBJC_MSGSEND = YES;
				ENABLE_TESTABILITY = YES;
				GCC_C_LANGUAGE_STANDARD = gnu11;
				GCC_DYNAMIC_NO_PIC = NO;
				GCC_NO_COMMON_BLOCKS = YES;
				GCC_OPTIMIZATION_LEVEL = 0;
				GCC_PREPROCESSOR_DEFINITIONS = (
					"DEBUG=1",
					"$(inherited)",
				);
				GCC_WARN_64_TO_32_BIT_CONVERSION = YES;
				GCC_WARN_ABOUT_RETURN_TYPE = YES_ERROR;
				GCC_WARN_UNDECLARED_SELECTOR = YES;
				GCC_WARN_UNINITIALIZED_AUTOS = YES_AGGRESSIVE;
				GCC_WARN_UNUSED_FUNCTION = YES;
				GCC_WARN_UNUSED_VARIABLE = YES;
				IPHONEOS_DEPLOYMENT_TARGET = 11.1;
				MTL_ENABLE_DEBUG_INFO = YES;
				ONLY_ACTIVE_ARCH = YES;
				SDKROOT = iphoneos;
				SWIFT_ACTIVE_COMPILATION_CONDITIONS = DEBUG;
				SWIFT_OPTIMIZATION_LEVEL = "-Onone";
			};
			name = Debug;
		};
		BEB819B62066D2E700BE7833 /* Release */ = {
			isa = XCBuildConfiguration;
			buildSettings = {
				ALWAYS_SEARCH_USER_PATHS = NO;
				CLANG_ANALYZER_NONNULL = YES;
				CLANG_ANALYZER_NUMBER_OBJECT_CONVERSION = YES_AGGRESSIVE;
				CLANG_CXX_LANGUAGE_STANDARD = "gnu++14";
				CLANG_CXX_LIBRARY = "libc++";
				CLANG_ENABLE_MODULES = YES;
				CLANG_ENABLE_OBJC_ARC = YES;
				CLANG_WARN_BLOCK_CAPTURE_AUTORELEASING = YES;
				CLANG_WARN_BOOL_CONVERSION = YES;
				CLANG_WARN_COMMA = YES;
				CLANG_WARN_CONSTANT_CONVERSION = YES;
				CLANG_WARN_DIRECT_OBJC_ISA_USAGE = YES_ERROR;
				CLANG_WARN_DOCUMENTATION_COMMENTS = YES;
				CLANG_WARN_EMPTY_BODY = YES;
				CLANG_WARN_ENUM_CONVERSION = YES;
				CLANG_WARN_INFINITE_RECURSION = YES;
				CLANG_WARN_INT_CONVERSION = YES;
				CLANG_WARN_NON_LITERAL_NULL_CONVERSION = YES;
				CLANG_WARN_OBJC_LITERAL_CONVERSION = YES;
				CLANG_WARN_OBJC_ROOT_CLASS = YES_ERROR;
				CLANG_WARN_RANGE_LOOP_ANALYSIS = YES;
				CLANG_WARN_STRICT_PROTOTYPES = YES;
				CLANG_WARN_SUSPICIOUS_MOVE = YES;
				CLANG_WARN_UNGUARDED_AVAILABILITY = YES_AGGRESSIVE;
				CLANG_WARN_UNREACHABLE_CODE = YES;
				CLANG_WARN__DUPLICATE_METHOD_MATCH = YES;
				CODE_SIGN_IDENTITY = "iPhone Developer";
				COPY_PHASE_STRIP = NO;
				DEBUG_INFORMATION_FORMAT = "dwarf-with-dsym";
				ENABLE_NS_ASSERTIONS = NO;
				ENABLE_STRICT_OBJC_MSGSEND = YES;
				GCC_C_LANGUAGE_STANDARD = gnu11;
				GCC_NO_COMMON_BLOCKS = YES;
				GCC_WARN_64_TO_32_BIT_CONVERSION = YES;
				GCC_WARN_ABOUT_RETURN_TYPE = YES_ERROR;
				GCC_WARN_UNDECLARED_SELECTOR = YES;
				GCC_WARN_UNINITIALIZED_AUTOS = YES_AGGRESSIVE;
				GCC_WARN_UNUSED_FUNCTION = YES;
				GCC_WARN_UNUSED_VARIABLE = YES;
				IPHONEOS_DEPLOYMENT_TARGET = 11.1;
				MTL_ENABLE_DEBUG_INFO = NO;
				SDKROOT = iphoneos;
				SWIFT_OPTIMIZATION_LEVEL = "-Owholemodule";
				VALIDATE_PRODUCT = YES;
			};
			name = Release;
		};
		BEB819B82066D2E700BE7833 /* Debug */ = {
			isa = XCBuildConfiguration;
			buildSettings = {
				ASSETCATALOG_COMPILER_APPICON_NAME = AppIcon;
				CODE_SIGN_STYLE = Automatic;
				INFOPLIST_FILE = "Tic Tac Toe/Info.plist";
				LD_RUNPATH_SEARCH_PATHS = "$(inherited) @executable_path/Frameworks";
				PRODUCT_BUNDLE_IDENTIFIER = "com.Michael.Tic-Tac-Toe";
				PRODUCT_NAME = "$(TARGET_NAME)";
				SWIFT_VERSION = 4.0;
				TARGETED_DEVICE_FAMILY = "1,2";
			};
			name = Debug;
		};
		BEB819B92066D2E700BE7833 /* Release */ = {
			isa = XCBuildConfiguration;
			buildSettings = {
				ASSETCATALOG_COMPILER_APPICON_NAME = AppIcon;
				CODE_SIGN_STYLE = Automatic;
				INFOPLIST_FILE = "Tic Tac Toe/Info.plist";
				LD_RUNPATH_SEARCH_PATHS = "$(inherited) @executable_path/Frameworks";
				PRODUCT_BUNDLE_IDENTIFIER = "com.Michael.Tic-Tac-Toe";
				PRODUCT_NAME = "$(TARGET_NAME)";
				SWIFT_VERSION = 4.0;
				TARGETED_DEVICE_FAMILY = "1,2";
			};
			name = Release;
		};
		BEB819BB2066D2E700BE7833 /* Debug */ = {
			isa = XCBuildConfiguration;
			buildSettings = {
				ALWAYS_EMBED_SWIFT_STANDARD_LIBRARIES = YES;
				BUNDLE_LOADER = "$(TEST_HOST)";
				CODE_SIGN_STYLE = Automatic;
				INFOPLIST_FILE = "Tic Tac ToeTests/Info.plist";
				LD_RUNPATH_SEARCH_PATHS = "$(inherited) @executable_path/Frameworks @loader_path/Frameworks";
				PRODUCT_BUNDLE_IDENTIFIER = "com.Michael.Tic-Tac-ToeTests";
				PRODUCT_NAME = "$(TARGET_NAME)";
				SWIFT_VERSION = 4.0;
				TARGETED_DEVICE_FAMILY = "1,2";
				TEST_HOST = "$(BUILT_PRODUCTS_DIR)/Tic Tac Toe.app/Tic Tac Toe";
			};
			name = Debug;
		};
		BEB819BC2066D2E700BE7833 /* Release */ = {
			isa = XCBuildConfiguration;
			buildSettings = {
				ALWAYS_EMBED_SWIFT_STANDARD_LIBRARIES = YES;
				BUNDLE_LOADER = "$(TEST_HOST)";
				CODE_SIGN_STYLE = Automatic;
				INFOPLIST_FILE = "Tic Tac ToeTests/Info.plist";
				LD_RUNPATH_SEARCH_PATHS = "$(inherited) @executable_path/Frameworks @loader_path/Frameworks";
				PRODUCT_BUNDLE_IDENTIFIER = "com.Michael.Tic-Tac-ToeTests";
				PRODUCT_NAME = "$(TARGET_NAME)";
				SWIFT_VERSION = 4.0;
				TARGETED_DEVICE_FAMILY = "1,2";
				TEST_HOST = "$(BUILT_PRODUCTS_DIR)/Tic Tac Toe.app/Tic Tac Toe";
			};
			name = Release;
		};
		BEB819BE2066D2E700BE7833 /* Debug */ = {
			isa = XCBuildConfiguration;
			buildSettings = {
				ALWAYS_EMBED_SWIFT_STANDARD_LIBRARIES = YES;
				CODE_SIGN_STYLE = Automatic;
				INFOPLIST_FILE = "Tic Tac ToeUITests/Info.plist";
				LD_RUNPATH_SEARCH_PATHS = "$(inherited) @executable_path/Frameworks @loader_path/Frameworks";
				PRODUCT_BUNDLE_IDENTIFIER = "com.Michael.Tic-Tac-ToeUITests";
				PRODUCT_NAME = "$(TARGET_NAME)";
				SWIFT_VERSION = 4.0;
				TARGETED_DEVICE_FAMILY = "1,2";
				TEST_TARGET_NAME = "Tic Tac Toe";
			};
			name = Debug;
		};
		BEB819BF2066D2E700BE7833 /* Release */ = {
			isa = XCBuildConfiguration;
			buildSettings = {
				ALWAYS_EMBED_SWIFT_STANDARD_LIBRARIES = YES;
				CODE_SIGN_STYLE = Automatic;
				INFOPLIST_FILE = "Tic Tac ToeUITests/Info.plist";
				LD_RUNPATH_SEARCH_PATHS = "$(inherited) @executable_path/Frameworks @loader_path/Frameworks";
				PRODUCT_BUNDLE_IDENTIFIER = "com.Michael.Tic-Tac-ToeUITests";
				PRODUCT_NAME = "$(TARGET_NAME)";
				SWIFT_VERSION = 4.0;
				TARGETED_DEVICE_FAMILY = "1,2";
				TEST_TARGET_NAME = "Tic Tac Toe";
			};
			name = Release;
		};
/* End XCBuildConfiguration section */

/* Begin XCConfigurationList section */
		BEB8198A2066D2E700BE7833 /* Build configuration list for PBXProject "Tic Tac Toe" */ = {
			isa = XCConfigurationList;
			buildConfigurations = (
				BEB819B52066D2E700BE7833 /* Debug */,
				BEB819B62066D2E700BE7833 /* Release */,
			);
			defaultConfigurationIsVisible = 0;
			defaultConfigurationName = Release;
		};
		BEB819B72066D2E700BE7833 /* Build configuration list for PBXNativeTarget "Tic Tac Toe" */ = {
			isa = XCConfigurationList;
			buildConfigurations = (
				BEB819B82066D2E700BE7833 /* Debug */,
				BEB819B92066D2E700BE7833 /* Release */,
			);
			defaultConfigurationIsVisible = 0;
			defaultConfigurationName = Release;
		};
		BEB819BA2066D2E700BE7833 /* Build configuration list for PBXNativeTarget "Tic Tac ToeTests" */ = {
			isa = XCConfigurationList;
			buildConfigurations = (
				BEB819BB2066D2E700BE7833 /* Debug */,
				BEB819BC2066D2E700BE7833 /* Release */,
			);
			defaultConfigurationIsVisible = 0;
			defaultConfigurationName = Release;
		};
		BEB819BD2066D2E700BE7833 /* Build configuration list for PBXNativeTarget "Tic Tac ToeUITests" */ = {
			isa = XCConfigurationList;
			buildConfigurations = (
				BEB819BE2066D2E700BE7833 /* Debug */,
				BEB819BF2066D2E700BE7833 /* Release */,
			);
			defaultConfigurationIsVisible = 0;
			defaultConfigurationName = Release;
		};
/* End XCConfigurationList section */
	};
	rootObject = BEB819872066D2E700BE7833 /* Project object */;
}
